
Microsoft Visual Studio Solution File, Format Version 12.00
# Visual Studio Version 16
VisualStudioVersion = 16.0.31129.286
MinimumVisualStudioVersion = 10.0.40219.1
Project("{FAE04EC0-301F-11D3-BF4B-00C04F79EFBC}") = "WebSocketsWindowsForm", "WebSocketsWindowsForm.csproj", "{B351F676-2EC6-4451-A5B2-CC0B4EBAD3E8}"
EndProject
Global
	GlobalSection(SolutionConfigurationPlatforms) = preSolution
		Debug|Any CPU = Debug|Any CPU
		Release|Any CPU = Release|Any CPU
	EndGlobalSection
	GlobalSection(ProjectConfigurationPlatforms) = postSolution
		{B351F676-2EC6-4451-A5B2-CC0B4EBAD3E8}.Debug|Any CPU.ActiveCfg = Debug|Any CPU
		{B351F676-2EC6-4451-A5B2-CC0B4EBAD3E8}.Debug|Any CPU.Build.0 = Debug|Any CPU
		{B351F676-2EC6-4451-A5B2-CC0B4EBAD3E8}.Release|Any CPU.ActiveCfg = Release|Any CPU
		{B351F676-2EC6-4451-A5B2-CC0B4EBAD3E8}.Release|Any CPU.Build.0 = Release|Any CPU
	EndGlobalSection
	GlobalSection(SolutionProperties) = preSolution
		HideSolutionNode = FALSE
	EndGlobalSection
	GlobalSection(ExtensibilityGlobals) = postSolution
		SolutionGuid = {DDBA32CB-7481-4E22-826D-F88A3838F037}
	EndGlobalSection
EndGlobal
